
Microsoft Visual Studio Solution File, Format Version 12.00
# Visual Studio Version 16
VisualStudioVersion = 16.0.29519.87
MinimumVisualStudioVersion = 10.0.40219.1
Project("{888888A0-9F3D-457C-B088-3A5042F75D52}") = "flasksite", "flasksite.pyproj", "{19755BAF-7FEA-4BBC-A50D-058B0C9C1C2C}"
EndProject
Global
	GlobalSection(SolutionConfigurationPlatforms) = preSolution
		Debug|Any CPU = Debug|Any CPU
		Release|Any CPU = Release|Any CPU
	EndGlobalSection
	GlobalSection(ProjectConfigurationPlatforms) = postSolution
		{19755BAF-7FEA-4BBC-A50D-058B0C9C1C2C}.Debug|Any CPU.ActiveCfg = Debug|Any CPU
		{19755BAF-7FEA-4BBC-A50D-058B0C9C1C2C}.Debug|Any CPU.Build.0 = Debug|Any CPU
		{19755BAF-7FEA-4BBC-A50D-058B0C9C1C2C}.Release|Any CPU.ActiveCfg = Release|Any CPU
		{19755BAF-7FEA-4BBC-A50D-058B0C9C1C2C}.Release|Any CPU.Build.0 = Release|Any CPU
	EndGlobalSection
	GlobalSection(SolutionProperties) = preSolution
		HideSolutionNode = FALSE
	EndGlobalSection
	GlobalSection(ExtensibilityGlobals) = postSolution
		SolutionGuid = {91520F68-4FD9-425B-8317-774C64AE81EF}
	EndGlobalSection
EndGlobal
